
Microsoft Visual Studio Solution File, Format Version 12.00
# Visual Studio Version 17
VisualStudioVersion = 17.5.002.0
MinimumVisualStudioVersion = 10.0.40219.1
Project("{2150E333-8FDC-42A3-9474-1A3956D46DE8}") = "sandbox", "sandbox", "{45E57BFF-C32D-4264-8EF2-2D4579D0C9A6}"
EndProject
Project("{9A19103F-16F7-4668-BE54-9A1E7A4F7556}") = "sandbox_project", "sandbox\sandbox_project\sandbox_project.csproj", "{F48D1533-1098-453F-9C4B-1E4260F75B84}"
EndProject
Project("{2150E333-8FDC-42A3-9474-1A3956D46DE8}") = "week01", "week01", "{34B74B71-E20A-473F-8D15-45D5AB6E3B67}"
EndProject
Project("{9A19103F-16F7-4668-BE54-9A1E7A4F7556}") = "analyze", "week01\analyze\analyze.csproj", "{566C53E8-AB25-4A3F-BD06-33C50AEE534D}"
EndProject
Project("{9A19103F-16F7-4668-BE54-9A1E7A4F7556}") = "code", "week01\code\code.csproj", "{3960D3ED-B676-4DEB-A925-D73718A392FB}"
EndProject
Project("{9A19103F-16F7-4668-BE54-9A1E7A4F7556}") = "teach", "week01\teach\teach.csproj", "{B0BF2977-E962-49D6-93E1-1AC7F2C84D15}"
EndProject
Project("{2150E333-8FDC-42A3-9474-1A3956D46DE8}") = "week02", "week02", "{769C95D0-42F5-4B2C-ACC7-84CB877C1931}"
EndProject
Project("{9A19103F-16F7-4668-BE54-9A1E7A4F7556}") = "analyze", "week02\analyze\analyze.csproj", "{75A1EEED-E4EA-4AD2-A4A6-45F4FD3E0477}"
EndProject
Project("{9A19103F-16F7-4668-BE54-9A1E7A4F7556}") = "code", "week02\code\code.csproj", "{0C2AC598-EC64-4B9F-A414-87B62E6D1F1A}"
EndProject
Project("{9A19103F-16F7-4668-BE54-9A1E7A4F7556}") = "learn", "week02\learn\learn.csproj", "{DE36BCC4-F89D-4903-B91B-C5C6101273E1}"
EndProject
Project("{9A19103F-16F7-4668-BE54-9A1E7A4F7556}") = "teach", "week02\teach\teach.csproj", "{92B2CFFE-028B-42DF-BB5E-F8AC611EC303}"
EndProject
Project("{2150E333-8FDC-42A3-9474-1A3956D46DE8}") = "week03", "week03", "{03E4792A-C670-448E-9FF3-742C8B83B524}"
EndProject
Project("{9A19103F-16F7-4668-BE54-9A1E7A4F7556}") = "code", "week03\code\code.csproj", "{7D853C06-D69F-4099-A85E-A417F27369BA}"
EndProject
Project("{9A19103F-16F7-4668-BE54-9A1E7A4F7556}") = "learn", "week03\learn\learn.csproj", "{451AF96A-8236-4F49-AA67-A879C0A4954C}"
EndProject
Project("{9A19103F-16F7-4668-BE54-9A1E7A4F7556}") = "teach", "week03\teach\teach.csproj", "{E606E4DA-77FE-49D1-82FA-5D26F3DAE755}"
EndProject
Project("{2150E333-8FDC-42A3-9474-1A3956D46DE8}") = "week04", "week04", "{4001CA52-418E-455B-9D12-EB6D06A19B37}"
EndProject
Project("{9A19103F-16F7-4668-BE54-9A1E7A4F7556}") = "code", "week04\code\code.csproj", "{729556D6-7C2D-4B09-A1D8-79F78F3DFFAD}"
EndProject
Project("{2150E333-8FDC-42A3-9474-1A3956D46DE8}") = "week05", "week05", "{50AD90F2-DE7A-4B1E-8F4B-33FA7F6CC520}"
EndProject
Project("{9A19103F-16F7-4668-BE54-9A1E7A4F7556}") = "code", "week05\code\code.csproj", "{BFB31311-BA44-4BE0-AA3C-828C4FE3AD35}"
EndProject
Project("{2150E333-8FDC-42A3-9474-1A3956D46DE8}") = "week06", "week06", "{C8176E8B-E233-49BE-8038-7ADB87B96904}"
EndProject
Project("{9A19103F-16F7-4668-BE54-9A1E7A4F7556}") = "code", "week06\code\code.csproj", "{CF1E9668-6962-42FF-BCF8-2E959B57FE65}"
EndProject
Global
	GlobalSection(SolutionConfigurationPlatforms) = preSolution
		Debug|Any CPU = Debug|Any CPU
		Release|Any CPU = Release|Any CPU
	EndGlobalSection
	GlobalSection(ProjectConfigurationPlatforms) = postSolution
		{F48D1533-1098-453F-9C4B-1E4260F75B84}.Debug|Any CPU.ActiveCfg = Debug|Any CPU
		{F48D1533-1098-453F-9C4B-1E4260F75B84}.Debug|Any CPU.Build.0 = Debug|Any CPU
		{F48D1533-1098-453F-9C4B-1E4260F75B84}.Release|Any CPU.ActiveCfg = Release|Any CPU
		{F48D1533-1098-453F-9C4B-1E4260F75B84}.Release|Any CPU.Build.0 = Release|Any CPU
		{566C53E8-AB25-4A3F-BD06-33C50AEE534D}.Debug|Any CPU.ActiveCfg = Debug|Any CPU
		{566C53E8-AB25-4A3F-BD06-33C50AEE534D}.Debug|Any CPU.Build.0 = Debug|Any CPU
		{566C53E8-AB25-4A3F-BD06-33C50AEE534D}.Release|Any CPU.ActiveCfg = Release|Any CPU
		{566C53E8-AB25-4A3F-BD06-33C50AEE534D}.Release|Any CPU.Build.0 = Release|Any CPU
		{3960D3ED-B676-4DEB-A925-D73718A392FB}.Debug|Any CPU.ActiveCfg = Debug|Any CPU
		{3960D3ED-B676-4DEB-A925-D73718A392FB}.Debug|Any CPU.Build.0 = Debug|Any CPU
		{3960D3ED-B676-4DEB-A925-D73718A392FB}.Release|Any CPU.ActiveCfg = Release|Any CPU
		{3960D3ED-B676-4DEB-A925-D73718A392FB}.Release|Any CPU.Build.0 = Release|Any CPU
		{B0BF2977-E962-49D6-93E1-1AC7F2C84D15}.Debug|Any CPU.ActiveCfg = Debug|Any CPU
		{B0BF2977-E962-49D6-93E1-1AC7F2C84D15}.Debug|Any CPU.Build.0 = Debug|Any CPU
		{B0BF2977-E962-49D6-93E1-1AC7F2C84D15}.Release|Any CPU.ActiveCfg = Release|Any CPU
		{B0BF2977-E962-49D6-93E1-1AC7F2C84D15}.Release|Any CPU.Build.0 = Release|Any CPU
		{75A1EEED-E4EA-4AD2-A4A6-45F4FD3E0477}.Debug|Any CPU.ActiveCfg = Debug|Any CPU
		{75A1EEED-E4EA-4AD2-A4A6-45F4FD3E0477}.Debug|Any CPU.Build.0 = Debug|Any CPU
		{75A1EEED-E4EA-4AD2-A4A6-45F4FD3E0477}.Release|Any CPU.ActiveCfg = Release|Any CPU
		{75A1EEED-E4EA-4AD2-A4A6-45F4FD3E0477}.Release|Any CPU.Build.0 = Release|Any CPU
		{0C2AC598-EC64-4B9F-A414-87B62E6D1F1A}.Debug|Any CPU.ActiveCfg = Debug|Any CPU
		{0C2AC598-EC64-4B9F-A414-87B62E6D1F1A}.Debug|Any CPU.Build.0 = Debug|Any CPU
		{0C2AC598-EC64-4B9F-A414-87B62E6D1F1A}.Release|Any CPU.ActiveCfg = Release|Any CPU
		{0C2AC598-EC64-4B9F-A414-87B62E6D1F1A}.Release|Any CPU.Build.0 = Release|Any CPU
		{DE36BCC4-F89D-4903-B91B-C5C6101273E1}.Debug|Any CPU.ActiveCfg = Debug|Any CPU
		{DE36BCC4-F89D-4903-B91B-C5C6101273E1}.Debug|Any CPU.Build.0 = Debug|Any CPU
		{DE36BCC4-F89D-4903-B91B-C5C6101273E1}.Release|Any CPU.ActiveCfg = Release|Any CPU
		{DE36BCC4-F89D-4903-B91B-C5C6101273E1}.Release|Any CPU.Build.0 = Release|Any CPU
		{92B2CFFE-028B-42DF-BB5E-F8AC611EC303}.Debug|Any CPU.ActiveCfg = Debug|Any CPU
		{92B2CFFE-028B-42DF-BB5E-F8AC611EC303}.Debug|Any CPU.Build.0 = Debug|Any CPU
		{92B2CFFE-028B-42DF-BB5E-F8AC611EC303}.Release|Any CPU.ActiveCfg = Release|Any CPU
		{92B2CFFE-028B-42DF-BB5E-F8AC611EC303}.Release|Any CPU.Build.0 = Release|Any CPU
		{7D853C06-D69F-4099-A85E-A417F27369BA}.Debug|Any CPU.ActiveCfg = Debug|Any CPU
		{7D853C06-D69F-4099-A85E-A417F27369BA}.Debug|Any CPU.Build.0 = Debug|Any CPU
		{7D853C06-D69F-4099-A85E-A417F27369BA}.Release|Any CPU.ActiveCfg = Release|Any CPU
		{7D853C06-D69F-4099-A85E-A417F27369BA}.Release|Any CPU.Build.0 = Release|Any CPU
		{451AF96A-8236-4F49-AA67-A879C0A4954C}.Debug|Any CPU.ActiveCfg = Debug|Any CPU
		{451AF96A-8236-4F49-AA67-A879C0A4954C}.Debug|Any CPU.Build.0 = Debug|Any CPU
		{451AF96A-8236-4F49-AA67-A879C0A4954C}.Release|Any CPU.ActiveCfg = Release|Any CPU
		{451AF96A-8236-4F49-AA67-A879C0A4954C}.Release|Any CPU.Build.0 = Release|Any CPU
		{E606E4DA-77FE-49D1-82FA-5D26F3DAE755}.Debug|Any CPU.ActiveCfg = Debug|Any CPU
		{E606E4DA-77FE-49D1-82FA-5D26F3DAE755}.Debug|Any CPU.Build.0 = Debug|Any CPU
		{E606E4DA-77FE-49D1-82FA-5D26F3DAE755}.Release|Any CPU.ActiveCfg = Release|Any CPU
		{E606E4DA-77FE-49D1-82FA-5D26F3DAE755}.Release|Any CPU.Build.0 = Release|Any CPU
		{729556D6-7C2D-4B09-A1D8-79F78F3DFFAD}.Debug|Any CPU.ActiveCfg = Debug|Any CPU
		{729556D6-7C2D-4B09-A1D8-79F78F3DFFAD}.Debug|Any CPU.Build.0 = Debug|Any CPU
		{729556D6-7C2D-4B09-A1D8-79F78F3DFFAD}.Release|Any CPU.ActiveCfg = Release|Any CPU
		{729556D6-7C2D-4B09-A1D8-79F78F3DFFAD}.Release|Any CPU.Build.0 = Release|Any CPU
		{BFB31311-BA44-4BE0-AA3C-828C4FE3AD35}.Debug|Any CPU.ActiveCfg = Debug|Any CPU
		{BFB31311-BA44-4BE0-AA3C-828C4FE3AD35}.Debug|Any CPU.Build.0 = Debug|Any CPU
		{BFB31311-BA44-4BE0-AA3C-828C4FE3AD35}.Release|Any CPU.ActiveCfg = Release|Any CPU
		{BFB31311-BA44-4BE0-AA3C-828C4FE3AD35}.Release|Any CPU.Build.0 = Release|Any CPU
		{CF1E9668-6962-42FF-BCF8-2E959B57FE65}.Debug|Any CPU.ActiveCfg = Debug|Any CPU
		{CF1E9668-6962-42FF-BCF8-2E959B57FE65}.Debug|Any CPU.Build.0 = Debug|Any CPU
		{CF1E9668-6962-42FF-BCF8-2E959B57FE65}.Release|Any CPU.ActiveCfg = Release|Any CPU
		{CF1E9668-6962-42FF-BCF8-2E959B57FE65}.Release|Any CPU.Build.0 = Release|Any CPU
	EndGlobalSection
	GlobalSection(SolutionProperties) = preSolution
		HideSolutionNode = FALSE
	EndGlobalSection
	GlobalSection(NestedProjects) = preSolution
		{F48D1533-1098-453F-9C4B-1E4260F75B84} = {45E57BFF-C32D-4264-8EF2-2D4579D0C9A6}
		{566C53E8-AB25-4A3F-BD06-33C50AEE534D} = {34B74B71-E20A-473F-8D15-45D5AB6E3B67}
		{3960D3ED-B676-4DEB-A925-D73718A392FB} = {34B74B71-E20A-473F-8D15-45D5AB6E3B67}
		{B0BF2977-E962-49D6-93E1-1AC7F2C84D15} = {34B74B71-E20A-473F-8D15-45D5AB6E3B67}
		{75A1EEED-E4EA-4AD2-A4A6-45F4FD3E0477} = {769C95D0-42F5-4B2C-ACC7-84CB877C1931}
		{0C2AC598-EC64-4B9F-A414-87B62E6D1F1A} = {769C95D0-42F5-4B2C-ACC7-84CB877C1931}
		{DE36BCC4-F89D-4903-B91B-C5C6101273E1} = {769C95D0-42F5-4B2C-ACC7-84CB877C1931}
		{92B2CFFE-028B-42DF-BB5E-F8AC611EC303} = {769C95D0-42F5-4B2C-ACC7-84CB877C1931}
		{7D853C06-D69F-4099-A85E-A417F27369BA} = {03E4792A-C670-448E-9FF3-742C8B83B524}
		{451AF96A-8236-4F49-AA67-A879C0A4954C} = {03E4792A-C670-448E-9FF3-742C8B83B524}
		{E606E4DA-77FE-49D1-82FA-5D26F3DAE755} = {03E4792A-C670-448E-9FF3-742C8B83B524}
		{729556D6-7C2D-4B09-A1D8-79F78F3DFFAD} = {4001CA52-418E-455B-9D12-EB6D06A19B37}
		{BFB31311-BA44-4BE0-AA3C-828C4FE3AD35} = {50AD90F2-DE7A-4B1E-8F4B-33FA7F6CC520}
		{CF1E9668-6962-42FF-BCF8-2E959B57FE65} = {C8176E8B-E233-49BE-8038-7ADB87B96904}
	EndGlobalSection
	GlobalSection(ExtensibilityGlobals) = postSolution
		SolutionGuid = {A3A3B646-91FF-4CD0-8C93-9AB331A74204}
	EndGlobalSection
EndGlobal
